
Microsoft Visual Studio Solution File, Format Version 12.00
# Visual Studio Version 17
VisualStudioVersion = 17.14.36121.58 d17.14
MinimumVisualStudioVersion = 10.0.40219.1
Project("{FAE04EC0-301F-11D3-BF4B-00C04F79EFBC}") = "YokIstatistikWeb", "YokIstatistikWeb.csproj", "{BC7897EF-D2E2-4A68-A5AE-ADFFB2BB4A78}"
EndProject
Global
	GlobalSection(SolutionConfigurationPlatforms) = preSolution
		Debug|Any CPU = Debug|Any CPU
		Release|Any CPU = Release|Any CPU
	EndGlobalSection
	GlobalSection(ProjectConfigurationPlatforms) = postSolution
		{BC7897EF-D2E2-4A68-A5AE-ADFFB2BB4A78}.Debug|Any CPU.ActiveCfg = Debug|Any CPU
		{BC7897EF-D2E2-4A68-A5AE-ADFFB2BB4A78}.Debug|Any CPU.Build.0 = Debug|Any CPU
		{BC7897EF-D2E2-4A68-A5AE-ADFFB2BB4A78}.Release|Any CPU.ActiveCfg = Release|Any CPU
		{BC7897EF-D2E2-4A68-A5AE-ADFFB2BB4A78}.Release|Any CPU.Build.0 = Release|Any CPU
	EndGlobalSection
	GlobalSection(SolutionProperties) = preSolution
		HideSolutionNode = FALSE
	EndGlobalSection
	GlobalSection(ExtensibilityGlobals) = postSolution
		SolutionGuid = {21710C51-3C22-4D71-81CC-AB2BC2AE6ACF}
	EndGlobalSection
EndGlobal
